<?xml version="1.0" encoding="utf-8"?>
<Project ToolsVersion="4.0" xmlns="http://schemas.microsoft.com/developer/msbuild/2003">
  <ItemGroup>
    <Filter Include="Lin">
      <UniqueIdentifier>{2804880B-940D-887C-1D89-9E7C8991937C}</UniqueIdentifier>
    </Filter>
    <Filter Include="Lin\Events">
      <UniqueIdentifier>{0C739A7F-F82A-DCCC-6132-B5284D0977BD}</UniqueIdentifier>
    </Filter>
  </ItemGroup>
  <ItemGroup>
    <ClInclude Include="src\Lin.h" />
    <ClInclude Include="src\Lin\Application.h">
      <Filter>Lin</Filter>
    </ClInclude>
    <ClInclude Include="src\Lin\Core.h">
      <Filter>Lin</Filter>
    </ClInclude>
    <ClInclude Include="src\Lin\EntryPoint.h">
      <Filter>Lin</Filter>
    </ClInclude>
    <ClInclude Include="src\Lin\Events\Application.h">
      <Filter>Lin\Events</Filter>
    </ClInclude>
    <ClInclude Include="src\Lin\Events\Event.h">
      <Filter>Lin\Events</Filter>
    </ClInclude>
    <ClInclude Include="src\Lin\Events\KeyEvent.h">
      <Filter>Lin\Events</Filter>
    </ClInclude>
    <ClInclude Include="src\Lin\Events\MouseEvent.h">
      <Filter>Lin\Events</Filter>
    </ClInclude>
    <ClInclude Include="src\Lin\Log.h">
      <Filter>Lin</Filter>
    </ClInclude>
    <ClInclude Include="src\Lpch.h" />
  </ItemGroup>
  <ItemGroup>
    <ClCompile Include="src\Lin\Application.cpp">
      <Filter>Lin</Filter>
    </ClCompile>
    <ClCompile Include="src\Lin\Log.cpp">
      <Filter>Lin</Filter>
    </ClCompile>
    <ClCompile Include="src\Lpch.cpp" />
  </ItemGroup>
</Project>